
Microsoft Visual Studio Solution File, Format Version 12.00
# Visual Studio Version 16
VisualStudioVersion = 16.0.30225.117
MinimumVisualStudioVersion = 10.0.40219.1
Project("{FAE04EC0-301F-11D3-BF4B-00C04F79EFBC}") = "StringAssign", "StringAssign\StringAssign.csproj", "{E655E3DF-57AE-4103-8D9E-240AB8D4672F}"
EndProject
Global
	GlobalSection(SolutionConfigurationPlatforms) = preSolution
		Debug|Any CPU = Debug|Any CPU
		Release|Any CPU = Release|Any CPU
	EndGlobalSection
	GlobalSection(ProjectConfigurationPlatforms) = postSolution
		{E655E3DF-57AE-4103-8D9E-240AB8D4672F}.Debug|Any CPU.ActiveCfg = Debug|Any CPU
		{E655E3DF-57AE-4103-8D9E-240AB8D4672F}.Debug|Any CPU.Build.0 = Debug|Any CPU
		{E655E3DF-57AE-4103-8D9E-240AB8D4672F}.Release|Any CPU.ActiveCfg = Release|Any CPU
		{E655E3DF-57AE-4103-8D9E-240AB8D4672F}.Release|Any CPU.Build.0 = Release|Any CPU
	EndGlobalSection
	GlobalSection(SolutionProperties) = preSolution
		HideSolutionNode = FALSE
	EndGlobalSection
	GlobalSection(ExtensibilityGlobals) = postSolution
		SolutionGuid = {3F1D63DE-CA3E-40D0-AD0E-A6E2125CB579}
	EndGlobalSection
EndGlobal
