
Microsoft Visual Studio Solution File, Format Version 12.00
# Visual Studio Version 16
VisualStudioVersion = 16.0.30225.117
MinimumVisualStudioVersion = 10.0.40219.1
Project("{FAE04EC0-301F-11D3-BF4B-00C04F79EFBC}") = "AbstractAndInterfaceAssign", "AbstractAndInterfaceAssign\AbstractAndInterfaceAssign.csproj", "{690B803A-2515-430E-8F9A-BF87ECE130D0}"
EndProject
Global
	GlobalSection(SolutionConfigurationPlatforms) = preSolution
		Debug|Any CPU = Debug|Any CPU
		Release|Any CPU = Release|Any CPU
	EndGlobalSection
	GlobalSection(ProjectConfigurationPlatforms) = postSolution
		{690B803A-2515-430E-8F9A-BF87ECE130D0}.Debug|Any CPU.ActiveCfg = Debug|Any CPU
		{690B803A-2515-430E-8F9A-BF87ECE130D0}.Debug|Any CPU.Build.0 = Debug|Any CPU
		{690B803A-2515-430E-8F9A-BF87ECE130D0}.Release|Any CPU.ActiveCfg = Release|Any CPU
		{690B803A-2515-430E-8F9A-BF87ECE130D0}.Release|Any CPU.Build.0 = Release|Any CPU
	EndGlobalSection
	GlobalSection(SolutionProperties) = preSolution
		HideSolutionNode = FALSE
	EndGlobalSection
	GlobalSection(ExtensibilityGlobals) = postSolution
		SolutionGuid = {8DA8B296-4AEE-43CD-8B92-330335DC8AF8}
	EndGlobalSection
EndGlobal
